
Microsoft Visual Studio Solution File, Format Version 12.00
# Visual Studio Version 16
VisualStudioVersion = 16.0.31624.102
MinimumVisualStudioVersion = 10.0.40219.1
Project("{FAE04EC0-301F-11D3-BF4B-00C04F79EFBC}") = "lab_01", "lab_01\lab_01.csproj", "{882AE075-B989-452B-B15E-00D0D008DE70}"
EndProject
Global
	GlobalSection(SolutionConfigurationPlatforms) = preSolution
		Debug|Any CPU = Debug|Any CPU
		Release|Any CPU = Release|Any CPU
	EndGlobalSection
	GlobalSection(ProjectConfigurationPlatforms) = postSolution
		{882AE075-B989-452B-B15E-00D0D008DE70}.Debug|Any CPU.ActiveCfg = Debug|Any CPU
		{882AE075-B989-452B-B15E-00D0D008DE70}.Debug|Any CPU.Build.0 = Debug|Any CPU
		{882AE075-B989-452B-B15E-00D0D008DE70}.Release|Any CPU.ActiveCfg = Release|Any CPU
		{882AE075-B989-452B-B15E-00D0D008DE70}.Release|Any CPU.Build.0 = Release|Any CPU
	EndGlobalSection
	GlobalSection(SolutionProperties) = preSolution
		HideSolutionNode = FALSE
	EndGlobalSection
	GlobalSection(ExtensibilityGlobals) = postSolution
		SolutionGuid = {A97D6CA3-E010-46DE-8CB0-205D2FF1D17C}
	EndGlobalSection
EndGlobal
